
Microsoft Visual Studio Solution File, Format Version 12.00
# Visual Studio 15
VisualStudioVersion = 15.0.28010.2041
MinimumVisualStudioVersion = 10.0.40219.1
Project("{FAE04EC0-301F-11D3-BF4B-00C04F79EFBC}") = "CheckableTable", "CheckableTable\CheckableTable.csproj", "{0126ADA0-C535-4468-B470-ABE4105E9341}"
EndProject
Global
	GlobalSection(SolutionConfigurationPlatforms) = preSolution
		Debug|Any CPU = Debug|Any CPU
		Release|Any CPU = Release|Any CPU
	EndGlobalSection
	GlobalSection(ProjectConfigurationPlatforms) = postSolution
		{0126ADA0-C535-4468-B470-ABE4105E9341}.Debug|Any CPU.ActiveCfg = Debug|Any CPU
		{0126ADA0-C535-4468-B470-ABE4105E9341}.Debug|Any CPU.Build.0 = Debug|Any CPU
		{0126ADA0-C535-4468-B470-ABE4105E9341}.Release|Any CPU.ActiveCfg = Release|Any CPU
		{0126ADA0-C535-4468-B470-ABE4105E9341}.Release|Any CPU.Build.0 = Release|Any CPU
	EndGlobalSection
	GlobalSection(SolutionProperties) = preSolution
		HideSolutionNode = FALSE
	EndGlobalSection
	GlobalSection(ExtensibilityGlobals) = postSolution
		SolutionGuid = {B441DFC0-4877-4802-9A97-FE73F6A09BE9}
	EndGlobalSection
EndGlobal
